{
    "version": 3,
    "terraform_version": "0.11.0",
    "serial": 7,
    "lineage": "26d7113d-e799-4563-9437-0ef43aeae4d3",
    "modules": [
        {
            "path": [
                "root"
            ],
            "outputs": {},
            "resources": {
                "aws_instance.dev-practice-02-jp": {
                    "type": "aws_instance",
                    "depends_on": [
                        "aws_key_pair.dev_practice_ssh"
                    ],
                    "primary": {
                        "id": "i-03fbb1ee41b4d034b",
                        "attributes": {
                            "ami": "ami-8803e0f0",
                            "associate_public_ip_address": "true",
                            "availability_zone": "us-west-2b",
                            "disable_api_termination": "false",
                            "ebs_block_device.#": "0",
                            "ebs_optimized": "false",
                            "ephemeral_block_device.#": "0",
                            "iam_instance_profile": "",
                            "id": "i-03fbb1ee41b4d034b",
                            "instance_state": "running",
                            "instance_type": "t2.micro",
                            "ipv6_addresses.#": "0",
                            "key_name": "dev_practice_ssh",
                            "monitoring": "false",
                            "network_interface.#": "0",
                            "network_interface_id": "eni-65ef8650",
                            "placement_group": "",
                            "primary_network_interface_id": "eni-65ef8650",
                            "private_dns": "ip-198-18-21-229.us-west-2.compute.internal",
                            "private_ip": "198.18.21.229",
                            "public_dns": "ec2-35-163-32-23.us-west-2.compute.amazonaws.com",
                            "public_ip": "35.163.32.23",
                            "root_block_device.#": "1",
                            "root_block_device.0.delete_on_termination": "true",
                            "root_block_device.0.iops": "100",
                            "root_block_device.0.volume_size": "8",
                            "root_block_device.0.volume_type": "gp2",
                            "security_groups.#": "0",
                            "source_dest_check": "true",
                            "subnet_id": "subnet-3baf2473",
                            "tags.%": "2",
                            "tags.Name": "dev-practice-02-jp",
                            "tags.Owner": "JP",
                            "tenancy": "default",
                            "volume_tags.%": "0",
                            "vpc_security_group_ids.#": "2",
                            "vpc_security_group_ids.1543586808": "sg-a42c6fd9",
                            "vpc_security_group_ids.3515674630": "sg-d33271ae"
                        },
                        "meta": {
                            "e2bfb730-ecaa-11e6-8f88-34363bc7c4c0": {
                                "create": 600000000000,
                                "delete": 600000000000,
                                "update": 600000000000
                            },
                            "schema_version": "1"
                        },
                        "tainted": false
                    },
                    "deposed": [],
                    "provider": "provider.aws"
                },
                "aws_key_pair.dev_practice_ssh": {
                    "type": "aws_key_pair",
                    "depends_on": [],
                    "primary": {
                        "id": "dev_practice_ssh",
                        "attributes": {
                            "id": "dev_practice_ssh",
                            "key_name": "dev_practice_ssh",
                            "public_key": "ssh-rsa AAAAB3NzaC1yc2EAAAADAQABAAABAQC0OKHSzjqh9CU5nYsLDjpDSU86kUdD7ybRXo2xDvTdwMPK0CXE87WUoPJhY9yhO9JcrMF6hDJGF9ZIclwk15Z/dtFmGXrKco8FYHEd2EKRz6DKOW55eI/Ode8y7+b2osdFG489V+K8iAbQdAbwiT04IT13g6vma5DVBkH3vYmP32LudYrLcI0vMH8tZC8vfYCbNnfT6hq80qG7lmWoFAjGh8ldNPOc9XLPPevpoCNYqn8o8ykHuOQBMykA2Agwo66F2ZEABxUCcl2sowFOpps4E9dBeD1HOkIxVlK5D9RMqVj6U8s2gZeJ4+wf/h6o8czrCKNAZrebXmP6xCoFr5Kf perjo30@Perjo30mac1411"
                        },
                        "meta": {
                            "schema_version": "1"
                        },
                        "tainted": false
                    },
                    "deposed": [],
                    "provider": "provider.aws"
                }
            },
            "depends_on": []
        }
    ]
}
