{
    "version": 3,
    "terraform_version": "0.11.0",
    "serial": 8,
    "lineage": "26d7113d-e799-4563-9437-0ef43aeae4d3",
    "modules": [
        {
            "path": [
                "root"
            ],
            "outputs": {},
            "resources": {
                "aws_key_pair.dev-practice-jp-ssh": {
                    "type": "aws_key_pair",
                    "depends_on": [],
                    "primary": {
                        "id": "dev-practice-jp-ssh",
                        "attributes": {
                            "id": "dev-practice-jp-ssh",
                            "key_name": "dev-practice-jp-ssh",
                            "public_key": "ssh-rsa AAAAB3NzaC1yc2EAAAADAQABAAABAQC0OKHSzjqh9CU5nYsLDjpDSU86kUdD7ybRXo2xDvTdwMPK0CXE87WUoPJhY9yhO9JcrMF6hDJGF9ZIclwk15Z/dtFmGXrKco8FYHEd2EKRz6DKOW55eI/Ode8y7+b2osdFG489V+K8iAbQdAbwiT04IT13g6vma5DVBkH3vYmP32LudYrLcI0vMH8tZC8vfYCbNnfT6hq80qG7lmWoFAjGh8ldNPOc9XLPPevpoCNYqn8o8ykHuOQBMykA2Agwo66F2ZEABxUCcl2sowFOpps4E9dBeD1HOkIxVlK5D9RMqVj6U8s2gZeJ4+wf/h6o8czrCKNAZrebXmP6xCoFr5Kf perjo30@Perjo30mac1411"
                        },
                        "meta": {
                            "schema_version": "1"
                        },
                        "tainted": false
                    },
                    "deposed": [],
                    "provider": "provider.aws"
                },
                "aws_subnet.dev-practice-jp-subnet": {
                    "type": "aws_subnet",
                    "depends_on": [
                        "aws_vpc.dev-practice-jp-vpc"
                    ],
                    "primary": {
                        "id": "subnet-f75b4791",
                        "attributes": {
                            "assign_ipv6_address_on_creation": "false",
                            "availability_zone": "us-west-2a",
                            "cidr_block": "172.16.10.0/24",
                            "id": "subnet-f75b4791",
                            "map_public_ip_on_launch": "false",
                            "tags.%": "2",
                            "tags.Name": "dev-practice-jp-subnet",
                            "tags.Owner": "JP",
                            "vpc_id": "vpc-336eb14a"
                        },
                        "meta": {
                            "schema_version": "1"
                        },
                        "tainted": false
                    },
                    "deposed": [],
                    "provider": "provider.aws"
                },
                "aws_vpc.dev-practice-jp-vpc": {
                    "type": "aws_vpc",
                    "depends_on": [],
                    "primary": {
                        "id": "vpc-336eb14a",
                        "attributes": {
                            "assign_generated_ipv6_cidr_block": "false",
                            "cidr_block": "172.16.0.0/16",
                            "default_network_acl_id": "acl-2735615e",
                            "default_route_table_id": "rtb-34d4224c",
                            "default_security_group_id": "sg-02bebc7e",
                            "dhcp_options_id": "dopt-1cada578",
                            "enable_classiclink": "false",
                            "enable_classiclink_dns_support": "false",
                            "enable_dns_hostnames": "false",
                            "enable_dns_support": "true",
                            "id": "vpc-336eb14a",
                            "instance_tenancy": "default",
                            "main_route_table_id": "rtb-34d4224c",
                            "tags.%": "2",
                            "tags.Name": "dev-practice-jp-vpc",
                            "tags.Owner": "JP"
                        },
                        "meta": {
                            "schema_version": "1"
                        },
                        "tainted": false
                    },
                    "deposed": [],
                    "provider": "provider.aws"
                }
            },
            "depends_on": []
        }
    ]
}
